{
  "name": "fullscreen",
  "version": "1.0.0",
  "lockfileVersion": 1,
  "dependencies": {
    "typescript": {
      "version": "2.5.3",
      "resolved": "http://registry.npm.taobao.org/typescript/download/typescript-2.5.3.tgz",
      "integrity": "sha1-3z3Nw48764ANS8MiZGsEo/bKfw0=",
      "dev": true
    }
  }
}
